
Microsoft Visual Studio Solution File, Format Version 12.00
# Visual Studio Version 16
VisualStudioVersion = 16.0.30523.141
MinimumVisualStudioVersion = 10.0.40219.1
Project("{FAE04EC0-301F-11D3-BF4B-00C04F79EFBC}") = "Task123", "Task123\Task123.csproj", "{36EEBC37-94B8-451C-8082-020952E21818}"
EndProject
Global
	GlobalSection(SolutionConfigurationPlatforms) = preSolution
		Debug|Any CPU = Debug|Any CPU
		Release|Any CPU = Release|Any CPU
	EndGlobalSection
	GlobalSection(ProjectConfigurationPlatforms) = postSolution
		{36EEBC37-94B8-451C-8082-020952E21818}.Debug|Any CPU.ActiveCfg = Debug|Any CPU
		{36EEBC37-94B8-451C-8082-020952E21818}.Debug|Any CPU.Build.0 = Debug|Any CPU
		{36EEBC37-94B8-451C-8082-020952E21818}.Release|Any CPU.ActiveCfg = Release|Any CPU
		{36EEBC37-94B8-451C-8082-020952E21818}.Release|Any CPU.Build.0 = Release|Any CPU
	EndGlobalSection
	GlobalSection(SolutionProperties) = preSolution
		HideSolutionNode = FALSE
	EndGlobalSection
	GlobalSection(ExtensibilityGlobals) = postSolution
		SolutionGuid = {57F4B12B-88DE-4CAF-AE91-529D89BEE351}
	EndGlobalSection
EndGlobal
