
Microsoft Visual Studio Solution File, Format Version 12.00
# Visual Studio Version 16
VisualStudioVersion = 16.0.30413.136
MinimumVisualStudioVersion = 10.0.40219.1
Project("{FAE04EC0-301F-11D3-BF4B-00C04F79EFBC}") = "Task1", "Task1\Task1.csproj", "{09009F31-A1CC-4A21-A6FB-4926CEFE8D50}"
EndProject
Project("{FAE04EC0-301F-11D3-BF4B-00C04F79EFBC}") = "Task2", "Task2\Task2.csproj", "{60C4FF58-265B-432B-B873-1B5B5A090D0D}"
EndProject
Project("{FAE04EC0-301F-11D3-BF4B-00C04F79EFBC}") = "Task3", "Task3\Task3.csproj", "{AACD0276-C242-4624-94FC-1DAA7B0DB3D5}"
EndProject
Project("{FAE04EC0-301F-11D3-BF4B-00C04F79EFBC}") = "Task4", "Task4\Task4.csproj", "{BAEC2C77-441B-4C48-8ABB-15605FDA2D91}"
EndProject
Project("{FAE04EC0-301F-11D3-BF4B-00C04F79EFBC}") = "Task5", "Task5\Task5.csproj", "{33023F4E-E70A-4605-B15D-CFECEF81C834}"
EndProject
Global
	GlobalSection(SolutionConfigurationPlatforms) = preSolution
		Debug|Any CPU = Debug|Any CPU
		Release|Any CPU = Release|Any CPU
	EndGlobalSection
	GlobalSection(ProjectConfigurationPlatforms) = postSolution
		{09009F31-A1CC-4A21-A6FB-4926CEFE8D50}.Debug|Any CPU.ActiveCfg = Debug|Any CPU
		{09009F31-A1CC-4A21-A6FB-4926CEFE8D50}.Debug|Any CPU.Build.0 = Debug|Any CPU
		{09009F31-A1CC-4A21-A6FB-4926CEFE8D50}.Release|Any CPU.ActiveCfg = Release|Any CPU
		{09009F31-A1CC-4A21-A6FB-4926CEFE8D50}.Release|Any CPU.Build.0 = Release|Any CPU
		{60C4FF58-265B-432B-B873-1B5B5A090D0D}.Debug|Any CPU.ActiveCfg = Debug|Any CPU
		{60C4FF58-265B-432B-B873-1B5B5A090D0D}.Debug|Any CPU.Build.0 = Debug|Any CPU
		{60C4FF58-265B-432B-B873-1B5B5A090D0D}.Release|Any CPU.ActiveCfg = Release|Any CPU
		{60C4FF58-265B-432B-B873-1B5B5A090D0D}.Release|Any CPU.Build.0 = Release|Any CPU
		{AACD0276-C242-4624-94FC-1DAA7B0DB3D5}.Debug|Any CPU.ActiveCfg = Debug|Any CPU
		{AACD0276-C242-4624-94FC-1DAA7B0DB3D5}.Debug|Any CPU.Build.0 = Debug|Any CPU
		{AACD0276-C242-4624-94FC-1DAA7B0DB3D5}.Release|Any CPU.ActiveCfg = Release|Any CPU
		{AACD0276-C242-4624-94FC-1DAA7B0DB3D5}.Release|Any CPU.Build.0 = Release|Any CPU
		{BAEC2C77-441B-4C48-8ABB-15605FDA2D91}.Debug|Any CPU.ActiveCfg = Debug|Any CPU
		{BAEC2C77-441B-4C48-8ABB-15605FDA2D91}.Debug|Any CPU.Build.0 = Debug|Any CPU
		{BAEC2C77-441B-4C48-8ABB-15605FDA2D91}.Release|Any CPU.ActiveCfg = Release|Any CPU
		{BAEC2C77-441B-4C48-8ABB-15605FDA2D91}.Release|Any CPU.Build.0 = Release|Any CPU
		{33023F4E-E70A-4605-B15D-CFECEF81C834}.Debug|Any CPU.ActiveCfg = Debug|Any CPU
		{33023F4E-E70A-4605-B15D-CFECEF81C834}.Debug|Any CPU.Build.0 = Debug|Any CPU
		{33023F4E-E70A-4605-B15D-CFECEF81C834}.Release|Any CPU.ActiveCfg = Release|Any CPU
		{33023F4E-E70A-4605-B15D-CFECEF81C834}.Release|Any CPU.Build.0 = Release|Any CPU
	EndGlobalSection
	GlobalSection(SolutionProperties) = preSolution
		HideSolutionNode = FALSE
	EndGlobalSection
	GlobalSection(ExtensibilityGlobals) = postSolution
		SolutionGuid = {F281A573-CB05-4292-B129-E92B27D3E47F}
	EndGlobalSection
EndGlobal
